// !$*UTF8*$!
{
	archiveVersion = 1;
	classes = {
	};
	objectVersion = 50;
	objects = {

/* Begin PBXBuildFile section */
		146376EE25EA95FD0047739E /* ItemCell.swift in Sources */ = {isa = PBXBuildFile; fileRef = 146376ED25EA95FD0047739E /* ItemCell.swift */; };
		14AD2A3125E7DEEA0055EC69 /* AppDelegate.swift in Sources */ = {isa = PBXBuildFile; fileRef = 14AD2A3025E7DEEA0055EC69 /* AppDelegate.swift */; };
		14AD2A3325E7DEEA0055EC69 /* SceneDelegate.swift in Sources */ = {isa = PBXBuildFile; fileRef = 14AD2A3225E7DEEA0055EC69 /* SceneDelegate.swift */; };
		14AD2A3825E7DEEA0055EC69 /* Main.storyboard in Resources */ = {isa = PBXBuildFile; fileRef = 14AD2A3625E7DEEA0055EC69 /* Main.storyboard */; };
		14AD2A3A25E7DEEA0055EC69 /* Assets.xcassets in Resources */ = {isa = PBXBuildFile; fileRef = 14AD2A3925E7DEEA0055EC69 /* Assets.xcassets */; };
		14AD2A3D25E7DEEA0055EC69 /* LaunchScreen.storyboard in Resources */ = {isa = PBXBuildFile; fileRef = 14AD2A3B25E7DEEA0055EC69 /* LaunchScreen.storyboard */; };
		14AD2A4825E7DF890055EC69 /* ItemsViewController.swift in Sources */ = {isa = PBXBuildFile; fileRef = 14AD2A4725E7DF890055EC69 /* ItemsViewController.swift */; };
		14AD2A4C25E7E0340055EC69 /* Item.swift in Sources */ = {isa = PBXBuildFile; fileRef = 14AD2A4B25E7E0340055EC69 /* Item.swift */; };
		14AD2A4F25E7E2880055EC69 /* ItemStore.swift in Sources */ = {isa = PBXBuildFile; fileRef = 14AD2A4E25E7E2880055EC69 /* ItemStore.swift */; };
		14E300D125EC0C2700776DEF /* DetailViewController.swift in Sources */ = {isa = PBXBuildFile; fileRef = 14E300D025EC0C2700776DEF /* DetailViewController.swift */; };
		14E300D525ECC6BD00776DEF /* BorderTextField.swift in Sources */ = {isa = PBXBuildFile; fileRef = 14E300D425ECC6BD00776DEF /* BorderTextField.swift */; };
		14E300DA25ECD08F00776DEF /* ImageStore.swift in Sources */ = {isa = PBXBuildFile; fileRef = 14E300D925ECD08F00776DEF /* ImageStore.swift */; };
/* End PBXBuildFile section */

/* Begin PBXFileReference section */
		146376ED25EA95FD0047739E /* ItemCell.swift */ = {isa = PBXFileReference; lastKnownFileType = sourcecode.swift; path = ItemCell.swift; sourceTree = "<group>"; };
		14AD2A2D25E7DEEA0055EC69 /* Homepwner.app */ = {isa = PBXFileReference; explicitFileType = wrapper.application; includeInIndex = 0; path = Homepwner.app; sourceTree = BUILT_PRODUCTS_DIR; };
		14AD2A3025E7DEEA0055EC69 /* AppDelegate.swift */ = {isa = PBXFileReference; lastKnownFileType = sourcecode.swift; path = AppDelegate.swift; sourceTree = "<group>"; };
		14AD2A3225E7DEEA0055EC69 /* SceneDelegate.swift */ = {isa = PBXFileReference; lastKnownFileType = sourcecode.swift; path = SceneDelegate.swift; sourceTree = "<group>"; };
		14AD2A3725E7DEEA0055EC69 /* Base */ = {isa = PBXFileReference; lastKnownFileType = file.storyboard; name = Base; path = Base.lproj/Main.storyboard; sourceTree = "<group>"; };
		14AD2A3925E7DEEA0055EC69 /* Assets.xcassets */ = {isa = PBXFileReference; lastKnownFileType = folder.assetcatalog; path = Assets.xcassets; sourceTree = "<group>"; };
		14AD2A3C25E7DEEA0055EC69 /* Base */ = {isa = PBXFileReference; lastKnownFileType = file.storyboard; name = Base; path = Base.lproj/LaunchScreen.storyboard; sourceTree = "<group>"; };
		14AD2A3E25E7DEEA0055EC69 /* Info.plist */ = {isa = PBXFileReference; lastKnownFileType = text.plist.xml; path = Info.plist; sourceTree = "<group>"; };
		14AD2A4725E7DF890055EC69 /* ItemsViewController.swift */ = {isa = PBXFileReference; lastKnownFileType = sourcecode.swift; path = ItemsViewController.swift; sourceTree = "<group>"; };
		14AD2A4B25E7E0340055EC69 /* Item.swift */ = {isa = PBXFileReference; lastKnownFileType = sourcecode.swift; path = Item.swift; sourceTree = "<group>"; };
		14AD2A4E25E7E2880055EC69 /* ItemStore.swift */ = {isa = PBXFileReference; lastKnownFileType = sourcecode.swift; path = ItemStore.swift; sourceTree = "<group>"; };
		14E300D025EC0C2700776DEF /* DetailViewController.swift */ = {isa = PBXFileReference; lastKnownFileType = sourcecode.swift; path = DetailViewController.swift; sourceTree = "<group>"; };
		14E300D425ECC6BD00776DEF /* BorderTextField.swift */ = {isa = PBXFileReference; lastKnownFileType = sourcecode.swift; path = BorderTextField.swift; sourceTree = "<group>"; };
		14E300D925ECD08F00776DEF /* ImageStore.swift */ = {isa = PBXFileReference; lastKnownFileType = sourcecode.swift; path = ImageStore.swift; sourceTree = "<group>"; };
/* End PBXFileReference section */

/* Begin PBXFrameworksBuildPhase section */
		14AD2A2A25E7DEEA0055EC69 /* Frameworks */ = {
			isa = PBXFrameworksBuildPhase;
			buildActionMask = 2147483647;
			files = (
			);
			runOnlyForDeploymentPostprocessing = 0;
		};
/* End PBXFrameworksBuildPhase section */

/* Begin PBXGroup section */
		14AD2A2425E7DEEA0055EC69 = {
			isa = PBXGroup;
			children = (
				14AD2A2F25E7DEEA0055EC69 /* Homepwner */,
				14AD2A2E25E7DEEA0055EC69 /* Products */,
			);
			sourceTree = "<group>";
		};
		14AD2A2E25E7DEEA0055EC69 /* Products */ = {
			isa = PBXGroup;
			children = (
				14AD2A2D25E7DEEA0055EC69 /* Homepwner.app */,
			);
			name = Products;
			sourceTree = "<group>";
		};
		14AD2A2F25E7DEEA0055EC69 /* Homepwner */ = {
			isa = PBXGroup;
			children = (
				14AD2A3025E7DEEA0055EC69 /* AppDelegate.swift */,
				14AD2A3225E7DEEA0055EC69 /* SceneDelegate.swift */,
				14AD2A4725E7DF890055EC69 /* ItemsViewController.swift */,
				14E300D025EC0C2700776DEF /* DetailViewController.swift */,
				14E300D425ECC6BD00776DEF /* BorderTextField.swift */,
				146376ED25EA95FD0047739E /* ItemCell.swift */,
				14AD2A4B25E7E0340055EC69 /* Item.swift */,
				14AD2A4E25E7E2880055EC69 /* ItemStore.swift */,
				14E300D925ECD08F00776DEF /* ImageStore.swift */,
				14AD2A3625E7DEEA0055EC69 /* Main.storyboard */,
				14AD2A3B25E7DEEA0055EC69 /* LaunchScreen.storyboard */,
				14AD2A3925E7DEEA0055EC69 /* Assets.xcassets */,
				14AD2A3E25E7DEEA0055EC69 /* Info.plist */,
			);
			path = Homepwner;
			sourceTree = "<group>";
		};
/* End PBXGroup section */

/* Begin PBXNativeTarget section */
		14AD2A2C25E7DEEA0055EC69 /* Homepwner */ = {
			isa = PBXNativeTarget;
			buildConfigurationList = 14AD2A4125E7DEEA0055EC69 /* Build configuration list for PBXNativeTarget "Homepwner" */;
			buildPhases = (
				14AD2A2925E7DEEA0055EC69 /* Sources */,
				14AD2A2A25E7DEEA0055EC69 /* Frameworks */,
				14AD2A2B25E7DEEA0055EC69 /* Resources */,
			);
			buildRules = (
			);
			dependencies = (
			);
			name = Homepwner;
			productName = Homepwner;
			productReference = 14AD2A2D25E7DEEA0055EC69 /* Homepwner.app */;
			productType = "com.apple.product-type.application";
		};
/* End PBXNativeTarget section */

/* Begin PBXProject section */
		14AD2A2525E7DEEA0055EC69 /* Project object */ = {
			isa = PBXProject;
			attributes = {
				LastSwiftUpdateCheck = 1240;
				LastUpgradeCheck = 1240;
				TargetAttributes = {
					14AD2A2C25E7DEEA0055EC69 = {
						CreatedOnToolsVersion = 12.4;
					};
				};
			};
			buildConfigurationList = 14AD2A2825E7DEEA0055EC69 /* Build configuration list for PBXProject "Homepwner" */;
			compatibilityVersion = "Xcode 9.3";
			developmentRegion = en;
			hasScannedForEncodings = 0;
			knownRegions = (
				en,
				Base,
			);
			mainGroup = 14AD2A2425E7DEEA0055EC69;
			productRefGroup = 14AD2A2E25E7DEEA0055EC69 /* Products */;
			projectDirPath = "";
			projectRoot = "";
			targets = (
				14AD2A2C25E7DEEA0055EC69 /* Homepwner */,
			);
		};
/* End PBXProject section */

/* Begin PBXResourcesBuildPhase section */
		14AD2A2B25E7DEEA0055EC69 /* Resources */ = {
			isa = PBXResourcesBuildPhase;
			buildActionMask = 2147483647;
			files = (
				14AD2A3D25E7DEEA0055EC69 /* LaunchScreen.storyboard in Resources */,
				14AD2A3A25E7DEEA0055EC69 /* Assets.xcassets in Resources */,
				14AD2A3825E7DEEA0055EC69 /* Main.storyboard in Resources */,
			);
			runOnlyForDeploymentPostprocessing = 0;
		};
/* End PBXResourcesBuildPhase section */

/* Begin PBXSourcesBuildPhase section */
		14AD2A2925E7DEEA0055EC69 /* Sources */ = {
			isa = PBXSourcesBuildPhase;
			buildActionMask = 2147483647;
			files = (
				14AD2A4C25E7E0340055EC69 /* Item.swift in Sources */,
				14AD2A4825E7DF890055EC69 /* ItemsViewController.swift in Sources */,
				146376EE25EA95FD0047739E /* ItemCell.swift in Sources */,
				14AD2A3125E7DEEA0055EC69 /* AppDelegate.swift in Sources */,
				14AD2A4F25E7E2880055EC69 /* ItemStore.swift in Sources */,
				14E300DA25ECD08F00776DEF /* ImageStore.swift in Sources */,
				14AD2A3325E7DEEA0055EC69 /* SceneDelegate.swift in Sources */,
				14E300D125EC0C2700776DEF /* DetailViewController.swift in Sources */,
				14E300D525ECC6BD00776DEF /* BorderTextField.swift in Sources */,
			);
			runOnlyForDeploymentPostprocessing = 0;
		};
/* End PBXSourcesBuildPhase section */

/* Begin PBXVariantGroup section */
		14AD2A3625E7DEEA0055EC69 /* Main.storyboard */ = {
			isa = PBXVariantGroup;
			children = (
				14AD2A3725E7DEEA0055EC69 /* Base */,
			);
			name = Main.storyboard;
			sourceTree = "<group>";
		};
		14AD2A3B25E7DEEA0055EC69 /* LaunchScreen.storyboard */ = {
			isa = PBXVariantGroup;
			children = (
				14AD2A3C25E7DEEA0055EC69 /* Base */,
			);
			name = LaunchScreen.storyboard;
			sourceTree = "<group>";
		};
/* End PBXVariantGroup section */

/* Begin XCBuildConfiguration section */
		14AD2A3F25E7DEEA0055EC69 /* Debug */ = {
			isa = XCBuildConfiguration;
			buildSettings = {
				ALWAYS_SEARCH_USER_PATHS = NO;
				CLANG_ANALYZER_NONNULL = YES;
				CLANG_ANALYZER_NUMBER_OBJECT_CONVERSION = YES_AGGRESSIVE;
				CLANG_CXX_LANGUAGE_STANDARD = "gnu++14";
				CLANG_CXX_LIBRARY = "libc++";
				CLANG_ENABLE_MODULES = YES;
				CLANG_ENABLE_OBJC_ARC = YES;
				CLANG_ENABLE_OBJC_WEAK = YES;
				CLANG_WARN_BLOCK_CAPTURE_AUTORELEASING = YES;
				CLANG_WARN_BOOL_CONVERSION = YES;
				CLANG_WARN_COMMA = YES;
				CLANG_WARN_CONSTANT_CONVERSION = YES;
				CLANG_WARN_DEPRECATED_OBJC_IMPLEMENTATIONS = YES;
				CLANG_WARN_DIRECT_OBJC_ISA_USAGE = YES_ERROR;
				CLANG_WARN_DOCUMENTATION_COMMENTS = YES;
				CLANG_WARN_EMPTY_BODY = YES;
				CLANG_WARN_ENUM_CONVERSION = YES;
				CLANG_WARN_INFINITE_RECURSION = YES;
				CLANG_WARN_INT_CONVERSION = YES;
				CLANG_WARN_NON_LITERAL_NULL_CONVERSION = YES;
				CLANG_WARN_OBJC_IMPLICIT_RETAIN_SELF = YES;
				CLANG_WARN_OBJC_LITERAL_CONVERSION = YES;
				CLANG_WARN_OBJC_ROOT_CLASS = YES_ERROR;
				CLANG_WARN_QUOTED_INCLUDE_IN_FRAMEWORK_HEADER = YES;
				CLANG_WARN_RANGE_LOOP_ANALYSIS = YES;
				CLANG_WARN_STRICT_PROTOTYPES = YES;
				CLANG_WARN_SUSPICIOUS_MOVE = YES;
				CLANG_WARN_UNGUARDED_AVAILABILITY = YES_AGGRESSIVE;
				CLANG_WARN_UNREACHABLE_CODE = YES;
				CLANG_WARN__DUPLICATE_METHOD_MATCH = YES;
				COPY_PHASE_STRIP = NO;
				DEBUG_INFORMATION_FORMAT = dwarf;
				ENABLE_STRICT_OBJC_MSGSEND = YES;
				ENABLE_TESTABILITY = YES;
				GCC_C_LANGUAGE_STANDARD = gnu11;
				GCC_DYNAMIC_NO_PIC = NO;
				GCC_NO_COMMON_BLOCKS = YES;
				GCC_OPTIMIZATION_LEVEL = 0;
				GCC_PREPROCESSOR_DEFINITIONS = (
					"DEBUG=1",
					"$(inherited)",
				);
				GCC_WARN_64_TO_32_BIT_CONVERSION = YES;
				GCC_WARN_ABOUT_RETURN_TYPE = YES_ERROR;
				GCC_WARN_UNDECLARED_SELECTOR = YES;
				GCC_WARN_UNINITIALIZED_AUTOS = YES_AGGRESSIVE;
				GCC_WARN_UNUSED_FUNCTION = YES;
				GCC_WARN_UNUSED_VARIABLE = YES;
				IPHONEOS_DEPLOYMENT_TARGET = 11.0;
				MTL_ENABLE_DEBUG_INFO = INCLUDE_SOURCE;
				MTL_FAST_MATH = YES;
				ONLY_ACTIVE_ARCH = YES;
				SDKROOT = iphoneos;
				SWIFT_ACTIVE_COMPILATION_CONDITIONS = DEBUG;
				SWIFT_OPTIMIZATION_LEVEL = "-Onone";
			};
			name = Debug;
		};
		14AD2A4025E7DEEA0055EC69 /* Release */ = {
			isa = XCBuildConfiguration;
			buildSettings = {
				ALWAYS_SEARCH_USER_PATHS = NO;
				CLANG_ANALYZER_NONNULL = YES;
				CLANG_ANALYZER_NUMBER_OBJECT_CONVERSION = YES_AGGRESSIVE;
				CLANG_CXX_LANGUAGE_STANDARD = "gnu++14";
				CLANG_CXX_LIBRARY = "libc++";
				CLANG_ENABLE_MODULES = YES;
				CLANG_ENABLE_OBJC_ARC = YES;
				CLANG_ENABLE_OBJC_WEAK = YES;
				CLANG_WARN_BLOCK_CAPTURE_AUTORELEASING = YES;
				CLANG_WARN_BOOL_CONVERSION = YES;
				CLANG_WARN_COMMA = YES;
				CLANG_WARN_CONSTANT_CONVERSION = YES;
				CLANG_WARN_DEPRECATED_OBJC_IMPLEMENTATIONS = YES;
				CLANG_WARN_DIRECT_OBJC_ISA_USAGE = YES_ERROR;
				CLANG_WARN_DOCUMENTATION_COMMENTS = YES;
				CLANG_WARN_EMPTY_BODY = YES;
				CLANG_WARN_ENUM_CONVERSION = YES;
				CLANG_WARN_INFINITE_RECURSION = YES;
				CLANG_WARN_INT_CONVERSION = YES;
				CLANG_WARN_NON_LITERAL_NULL_CONVERSION = YES;
				CLANG_WARN_OBJC_IMPLICIT_RETAIN_SELF = YES;
				CLANG_WARN_OBJC_LITERAL_CONVERSION = YES;
				CLANG_WARN_OBJC_ROOT_CLASS = YES_ERROR;
				CLANG_WARN_QUOTED_INCLUDE_IN_FRAMEWORK_HEADER = YES;
				CLANG_WARN_RANGE_LOOP_ANALYSIS = YES;
				CLANG_WARN_STRICT_PROTOTYPES = YES;
				CLANG_WARN_SUSPICIOUS_MOVE = YES;
				CLANG_WARN_UNGUARDED_AVAILABILITY = YES_AGGRESSIVE;
				CLANG_WARN_UNREACHABLE_CODE = YES;
				CLANG_WARN__DUPLICATE_METHOD_MATCH = YES;
				COPY_PHASE_STRIP = NO;
				DEBUG_INFORMATION_FORMAT = "dwarf-with-dsym";
				ENABLE_NS_ASSERTIONS = NO;
				ENABLE_STRICT_OBJC_MSGSEND = YES;
				GCC_C_LANGUAGE_STANDARD = gnu11;
				GCC_NO_COMMON_BLOCKS = YES;
				GCC_WARN_64_TO_32_BIT_CONVERSION = YES;
				GCC_WARN_ABOUT_RETURN_TYPE = YES_ERROR;
				GCC_WARN_UNDECLARED_SELECTOR = YES;
				GCC_WARN_UNINITIALIZED_AUTOS = YES_AGGRESSIVE;
				GCC_WARN_UNUSED_FUNCTION = YES;
				GCC_WARN_UNUSED_VARIABLE = YES;
				IPHONEOS_DEPLOYMENT_TARGET = 11.0;
				MTL_ENABLE_DEBUG_INFO = NO;
				MTL_FAST_MATH = YES;
				SDKROOT = iphoneos;
				SWIFT_COMPILATION_MODE = wholemodule;
				SWIFT_OPTIMIZATION_LEVEL = "-O";
				VALIDATE_PRODUCT = YES;
			};
			name = Release;
		};
		14AD2A4225E7DEEA0055EC69 /* Debug */ = {
			isa = XCBuildConfiguration;
			buildSettings = {
				ASSETCATALOG_COMPILER_APPICON_NAME = AppIcon;
				ASSETCATALOG_COMPILER_GLOBAL_ACCENT_COLOR_NAME = AccentColor;
				CODE_SIGN_STYLE = Automatic;
				DEVELOPMENT_TEAM = LXD862QGZA;
				INFOPLIST_FILE = Homepwner/Info.plist;
				LD_RUNPATH_SEARCH_PATHS = (
					"$(inherited)",
					"@executable_path/Frameworks",
				);
				PRODUCT_BUNDLE_IDENTIFIER = com.gmail.gusdnre.Homepwner;
				PRODUCT_NAME = "$(TARGET_NAME)";
				SWIFT_VERSION = 5.0;
				TARGETED_DEVICE_FAMILY = "1,2";
			};
			name = Debug;
		};
		14AD2A4325E7DEEA0055EC69 /* Release */ = {
			isa = XCBuildConfiguration;
			buildSettings = {
				ASSETCATALOG_COMPILER_APPICON_NAME = AppIcon;
				ASSETCATALOG_COMPILER_GLOBAL_ACCENT_COLOR_NAME = AccentColor;
				CODE_SIGN_STYLE = Automatic;
				DEVELOPMENT_TEAM = LXD862QGZA;
				INFOPLIST_FILE = Homepwner/Info.plist;
				LD_RUNPATH_SEARCH_PATHS = (
					"$(inherited)",
					"@executable_path/Frameworks",
				);
				PRODUCT_BUNDLE_IDENTIFIER = com.gmail.gusdnre.Homepwner;
				PRODUCT_NAME = "$(TARGET_NAME)";
				SWIFT_VERSION = 5.0;
				TARGETED_DEVICE_FAMILY = "1,2";
			};
			name = Release;
		};
/* End XCBuildConfiguration section */

/* Begin XCConfigurationList section */
		14AD2A2825E7DEEA0055EC69 /* Build configuration list for PBXProject "Homepwner" */ = {
			isa = XCConfigurationList;
			buildConfigurations = (
				14AD2A3F25E7DEEA0055EC69 /* Debug */,
				14AD2A4025E7DEEA0055EC69 /* Release */,
			);
			defaultConfigurationIsVisible = 0;
			defaultConfigurationName = Release;
		};
		14AD2A4125E7DEEA0055EC69 /* Build configuration list for PBXNativeTarget "Homepwner" */ = {
			isa = XCConfigurationList;
			buildConfigurations = (
				14AD2A4225E7DEEA0055EC69 /* Debug */,
				14AD2A4325E7DEEA0055EC69 /* Release */,
			);
			defaultConfigurationIsVisible = 0;
			defaultConfigurationName = Release;
		};
/* End XCConfigurationList section */
	};
	rootObject = 14AD2A2525E7DEEA0055EC69 /* Project object */;
}
